{
  "name": "chrome_extension_tutorial",
  "version": "1.0.0",
  "lockfileVersion": 3,
  "requires": true,
  "packages": {
    "": {
      "name": "chrome_extension_tutorial",
      "version": "1.0.0",
      "license": "ISC",
      "dependencies": {
        "chrome-types": "^0.1.299"
      }
    },
    "node_modules/chrome-types": {
      "version": "0.1.299",
      "resolved": "https://registry.npmjs.org/chrome-types/-/chrome-types-0.1.299.tgz",
      "integrity": "sha512-caOYWw++nYOKVzpnrB5OGTExaodsKAT/R8D3+ThiVnP6X26WMHqhZgVvPOS1RjA/4ZOdt4WdWrubhL3Y1GhjsA=="
    }
  }
}
